{
  "nodes": {
    "naersk": {
      "inputs": {
        "nixpkgs": "nixpkgs"
      },
      "locked": {
        "lastModified": 1597138680,
        "narHash": "sha256-3pDN/W17wjVDbrkgo60xQSb24+QAPQ7ulsUq5atNni0=",
        "owner": "nmattia",
        "repo": "naersk",
        "rev": "529e910a3f423a8211f8739290014b754b2555b6",
        "type": "github"
      },
      "original": {
        "owner": "nmattia",
        "repo": "naersk",
        "type": "github"
      }
    },
    "nixpkgs": {
      "locked": {
        "lastModified": 1601200080,
        "narHash": "sha256-98evsnzl6e1M7aO4JpX4+N/ksSRiYZx2Qk3ynQMpjJM=",
        "owner": "NixOS",
        "repo": "nixpkgs",
        "rev": "74f3e9cce1770c19e35f3e4e2559a49dce22f8c6",
        "type": "github"
      },
      "original": {
        "id": "nixpkgs",
        "type": "indirect"
      }
    },
    "nixpkgs_2": {
      "locked": {
        "lastModified": 1600834745,
        "narHash": "sha256-JblQ+Io/P6oZVzMk0QhpsMNPaYDMjFaLh+lSuu7Pd5c=",
        "owner": "NixOS",
        "repo": "nixpkgs",
        "rev": "daaa0e33505082716beb52efefe3064f0332b521",
        "type": "github"
      },
      "original": {
        "id": "nixpkgs",
        "ref": "nixos-unstable",
        "type": "indirect"
      }
    },
    "root": {
      "inputs": {
        "naersk": "naersk",
        "nixpkgs": "nixpkgs_2"
      }
    }
  },
  "root": "root",
  "version": 7
}
