{
  "nodes": {
    "naersk": {
      "info": {
        "lastModified": 1587044740,
        "narHash": "sha256-j6+ZeL3vh1w9THce5sosg1eVO04eC7GAW9J4UXLkcgE="
      },
      "inputs": {
        "nixpkgs": "nixpkgs"
      },
      "locked": {
        "owner": "nmattia",
        "repo": "naersk",
        "rev": "a82fd7dc31a58c462b6dfa9d9d886fa2cc75dfd4",
        "type": "github"
      },
      "original": {
        "owner": "nmattia",
        "repo": "naersk",
        "type": "github"
      }
    },
    "nixpkgs": {
      "info": {
        "lastModified": 1591356550,
        "narHash": "sha256-mTWlKWDZ7kYI7Ullqa/t/PUM77P9xatIIY21nu2SAw4="
      },
      "locked": {
        "owner": "NixOS",
        "repo": "nixpkgs",
        "rev": "b00463d40641ea48a8e1dcd954bb3c9511e2e82e",
        "type": "github"
      },
      "original": {
        "id": "nixpkgs",
        "type": "indirect"
      }
    },
    "nixpkgs_2": {
      "info": {
        "lastModified": 1591120815,
        "narHash": "sha256-kmG7D+k5L1VidMeit8Hmk7XGXUa1o2DLGKvdYOLj52M="
      },
      "locked": {
        "owner": "NixOS",
        "repo": "nixpkgs",
        "rev": "467ce5a9f45aaf96110b41eb863a56866e1c2c3c",
        "type": "github"
      },
      "original": {
        "id": "nixpkgs",
        "ref": "nixos-unstable",
        "type": "indirect"
      }
    },
    "root": {
      "inputs": {
        "naersk": "naersk",
        "nixpkgs": "nixpkgs_2"
      }
    }
  },
  "root": "root",
  "version": 5
}
